{
  "name": "pojostyle",
  "version": "1.0.0",
  "lockfileVersion": 1,
  "requires": true,
  "dependencies": {
    "murmurhash-js": {
      "version": "1.0.0",
      "resolved": "https://registry.npmjs.org/murmurhash-js/-/murmurhash-js-1.0.0.tgz",
      "integrity": "sha1-sGJ44h/Gw3+lMTcysEEry2rhX1E="
    },
    "style-object-to-css-string": {
      "version": "1.0.1",
      "resolved": "https://registry.npmjs.org/style-object-to-css-string/-/style-object-to-css-string-1.0.1.tgz",
      "integrity": "sha512-ci7tySCofUqq86WziXoEsIE/aGZ2rkw7mmz6Afklhbmk7i05Z1d8hSUaJMUWUOJPbsvK+7TW5ulklZm55/S44Q=="
    }
  }
}
